
Microsoft Visual Studio Solution File, Format Version 12.00
# Visual Studio Version 17
VisualStudioVersion = 17.6.33723.286
MinimumVisualStudioVersion = 10.0.40219.1
Project("{FAE04EC0-301F-11D3-BF4B-00C04F79EFBC}") = "ProyectoWeb", "ProyectoWeb\ProyectoWeb.csproj", "{A99F22A4-3F88-4BB8-BBC3-7DD6A0398928}"
EndProject
Global
	GlobalSection(SolutionConfigurationPlatforms) = preSolution
		Debug|Any CPU = Debug|Any CPU
		Release|Any CPU = Release|Any CPU
	EndGlobalSection
	GlobalSection(ProjectConfigurationPlatforms) = postSolution
		{A99F22A4-3F88-4BB8-BBC3-7DD6A0398928}.Debug|Any CPU.ActiveCfg = Debug|Any CPU
		{A99F22A4-3F88-4BB8-BBC3-7DD6A0398928}.Debug|Any CPU.Build.0 = Debug|Any CPU
		{A99F22A4-3F88-4BB8-BBC3-7DD6A0398928}.Release|Any CPU.ActiveCfg = Release|Any CPU
		{A99F22A4-3F88-4BB8-BBC3-7DD6A0398928}.Release|Any CPU.Build.0 = Release|Any CPU
	EndGlobalSection
	GlobalSection(SolutionProperties) = preSolution
		HideSolutionNode = FALSE
	EndGlobalSection
	GlobalSection(ExtensibilityGlobals) = postSolution
		SolutionGuid = {8236CD14-98F3-4C07-885A-B39094A02D3D}
	EndGlobalSection
EndGlobal
